
Microsoft Visual Studio Solution File, Format Version 12.00
# Visual Studio 14
VisualStudioVersion = 14.0.24720.0
MinimumVisualStudioVersion = 10.0.40219.1
Project("{FAE04EC0-301F-11D3-BF4B-00C04F79EFBC}") = "HotelOrigin", "HotelOrigin\HotelOrigin.csproj", "{10320B74-9453-4B5B-85C6-EFB95888C2B8}"
EndProject
Project("{FAE04EC0-301F-11D3-BF4B-00C04F79EFBC}") = "HotelOrigin.Core", "HotelOrigin.Core\HotelOrigin.Core.csproj", "{96B9EF3A-7C61-4BF2-AD4D-2FDB2234D835}"
EndProject
Global
	GlobalSection(SolutionConfigurationPlatforms) = preSolution
		Debug|Any CPU = Debug|Any CPU
		Release|Any CPU = Release|Any CPU
	EndGlobalSection
	GlobalSection(ProjectConfigurationPlatforms) = postSolution
		{10320B74-9453-4B5B-85C6-EFB95888C2B8}.Debug|Any CPU.ActiveCfg = Debug|Any CPU
		{10320B74-9453-4B5B-85C6-EFB95888C2B8}.Debug|Any CPU.Build.0 = Debug|Any CPU
		{10320B74-9453-4B5B-85C6-EFB95888C2B8}.Release|Any CPU.ActiveCfg = Release|Any CPU
		{10320B74-9453-4B5B-85C6-EFB95888C2B8}.Release|Any CPU.Build.0 = Release|Any CPU
		{96B9EF3A-7C61-4BF2-AD4D-2FDB2234D835}.Debug|Any CPU.ActiveCfg = Debug|Any CPU
		{96B9EF3A-7C61-4BF2-AD4D-2FDB2234D835}.Debug|Any CPU.Build.0 = Debug|Any CPU
		{96B9EF3A-7C61-4BF2-AD4D-2FDB2234D835}.Release|Any CPU.ActiveCfg = Release|Any CPU
		{96B9EF3A-7C61-4BF2-AD4D-2FDB2234D835}.Release|Any CPU.Build.0 = Release|Any CPU
	EndGlobalSection
	GlobalSection(SolutionProperties) = preSolution
		HideSolutionNode = FALSE
	EndGlobalSection
EndGlobal
